
Microsoft Visual Studio Solution File, Format Version 12.00
# Visual Studio Version 17
VisualStudioVersion = 17.2.32616.157
MinimumVisualStudioVersion = 10.0.40219.1
Project("{9A19103F-16F7-4668-BE54-9A1E7A4F7556}") = "TestProject1", "TestProject1.csproj", "{6F6353B5-3224-4DD6-B4FE-9DE2DD513BFF}"
EndProject
Global
	GlobalSection(SolutionConfigurationPlatforms) = preSolution
		Debug|Any CPU = Debug|Any CPU
		Release|Any CPU = Release|Any CPU
	EndGlobalSection
	GlobalSection(ProjectConfigurationPlatforms) = postSolution
		{6F6353B5-3224-4DD6-B4FE-9DE2DD513BFF}.Debug|Any CPU.ActiveCfg = Debug|Any CPU
		{6F6353B5-3224-4DD6-B4FE-9DE2DD513BFF}.Debug|Any CPU.Build.0 = Debug|Any CPU
		{6F6353B5-3224-4DD6-B4FE-9DE2DD513BFF}.Release|Any CPU.ActiveCfg = Release|Any CPU
		{6F6353B5-3224-4DD6-B4FE-9DE2DD513BFF}.Release|Any CPU.Build.0 = Release|Any CPU
	EndGlobalSection
	GlobalSection(SolutionProperties) = preSolution
		HideSolutionNode = FALSE
	EndGlobalSection
	GlobalSection(ExtensibilityGlobals) = postSolution
		SolutionGuid = {DBCEF24C-D4F5-4E9F-B9B0-F75F857A2754}
	EndGlobalSection
EndGlobal
